// !$*UTF8*$!
{
	archiveVersion = 1;
	classes = {
	};
	objectVersion = 46;
	objects = {

/* Begin PBXBuildFile section */
		4BF381141A56DB5700A4ECC7 /* AppDelegate.swift in Sources */ = {isa = PBXBuildFile; fileRef = 4BF381131A56DB5700A4ECC7 /* AppDelegate.swift */; };
		4BF381171A56DB5700A4ECC7 /* jogabo_friend_picker.xcdatamodeld in Sources */ = {isa = PBXBuildFile; fileRef = 4BF381151A56DB5700A4ECC7 /* jogabo_friend_picker.xcdatamodeld */; };
		4BF381191A56DB5700A4ECC7 /* ViewController.swift in Sources */ = {isa = PBXBuildFile; fileRef = 4BF381181A56DB5700A4ECC7 /* ViewController.swift */; };
		4BF3811C1A56DB5700A4ECC7 /* Main.storyboard in Resources */ = {isa = PBXBuildFile; fileRef = 4BF3811A1A56DB5700A4ECC7 /* Main.storyboard */; };
		4BF3811E1A56DB5700A4ECC7 /* Images.xcassets in Resources */ = {isa = PBXBuildFile; fileRef = 4BF3811D1A56DB5700A4ECC7 /* Images.xcassets */; };
		4BF381211A56DB5700A4ECC7 /* LaunchScreen.xib in Resources */ = {isa = PBXBuildFile; fileRef = 4BF3811F1A56DB5700A4ECC7 /* LaunchScreen.xib */; };
		4BF3812D1A56DB5700A4ECC7 /* jogabo_friend_pickerTests.swift in Sources */ = {isa = PBXBuildFile; fileRef = 4BF3812C1A56DB5700A4ECC7 /* jogabo_friend_pickerTests.swift */; };
		4BF381371A56DC9700A4ECC7 /* JBCoreDataManager.swift in Sources */ = {isa = PBXBuildFile; fileRef = 4BF381361A56DC9700A4ECC7 /* JBCoreDataManager.swift */; };
/* End PBXBuildFile section */

/* Begin PBXContainerItemProxy section */
		4BF381271A56DB5700A4ECC7 /* PBXContainerItemProxy */ = {
			isa = PBXContainerItemProxy;
			containerPortal = 4BF381061A56DB5700A4ECC7 /* Project object */;
			proxyType = 1;
			remoteGlobalIDString = 4BF3810D1A56DB5700A4ECC7;
			remoteInfo = jogabo_friend_picker;
		};
/* End PBXContainerItemProxy section */

/* Begin PBXFileReference section */
		4BF3810E1A56DB5700A4ECC7 /* jogabo_friend_picker.app */ = {isa = PBXFileReference; explicitFileType = wrapper.application; includeInIndex = 0; path = jogabo_friend_picker.app; sourceTree = BUILT_PRODUCTS_DIR; };
		4BF381121A56DB5700A4ECC7 /* Info.plist */ = {isa = PBXFileReference; lastKnownFileType = text.plist.xml; path = Info.plist; sourceTree = "<group>"; };
		4BF381131A56DB5700A4ECC7 /* AppDelegate.swift */ = {isa = PBXFileReference; lastKnownFileType = sourcecode.swift; path = AppDelegate.swift; sourceTree = "<group>"; };
		4BF381161A56DB5700A4ECC7 /* jogabo_friend_picker.xcdatamodel */ = {isa = PBXFileReference; lastKnownFileType = wrapper.xcdatamodel; path = jogabo_friend_picker.xcdatamodel; sourceTree = "<group>"; };
		4BF381181A56DB5700A4ECC7 /* ViewController.swift */ = {isa = PBXFileReference; lastKnownFileType = sourcecode.swift; path = ViewController.swift; sourceTree = "<group>"; };
		4BF3811B1A56DB5700A4ECC7 /* Base */ = {isa = PBXFileReference; lastKnownFileType = file.storyboard; name = Base; path = Base.lproj/Main.storyboard; sourceTree = "<group>"; };
		4BF3811D1A56DB5700A4ECC7 /* Images.xcassets */ = {isa = PBXFileReference; lastKnownFileType = folder.assetcatalog; path = Images.xcassets; sourceTree = "<group>"; };
		4BF381201A56DB5700A4ECC7 /* Base */ = {isa = PBXFileReference; lastKnownFileType = file.xib; name = Base; path = Base.lproj/LaunchScreen.xib; sourceTree = "<group>"; };
		4BF381261A56DB5700A4ECC7 /* jogabo_friend_pickerTests.xctest */ = {isa = PBXFileReference; explicitFileType = wrapper.cfbundle; includeInIndex = 0; path = jogabo_friend_pickerTests.xctest; sourceTree = BUILT_PRODUCTS_DIR; };
		4BF3812B1A56DB5700A4ECC7 /* Info.plist */ = {isa = PBXFileReference; lastKnownFileType = text.plist.xml; path = Info.plist; sourceTree = "<group>"; };
		4BF3812C1A56DB5700A4ECC7 /* jogabo_friend_pickerTests.swift */ = {isa = PBXFileReference; lastKnownFileType = sourcecode.swift; path = jogabo_friend_pickerTests.swift; sourceTree = "<group>"; };
		4BF381361A56DC9700A4ECC7 /* JBCoreDataManager.swift */ = {isa = PBXFileReference; fileEncoding = 4; lastKnownFileType = sourcecode.swift; path = JBCoreDataManager.swift; sourceTree = "<group>"; };
/* End PBXFileReference section */

/* Begin PBXFrameworksBuildPhase section */
		4BF3810B1A56DB5700A4ECC7 /* Frameworks */ = {
			isa = PBXFrameworksBuildPhase;
			buildActionMask = 2147483647;
			files = (
			);
			runOnlyForDeploymentPostprocessing = 0;
		};
		4BF381231A56DB5700A4ECC7 /* Frameworks */ = {
			isa = PBXFrameworksBuildPhase;
			buildActionMask = 2147483647;
			files = (
			);
			runOnlyForDeploymentPostprocessing = 0;
		};
/* End PBXFrameworksBuildPhase section */

/* Begin PBXGroup section */
		4BF381051A56DB5700A4ECC7 = {
			isa = PBXGroup;
			children = (
				4BF381101A56DB5700A4ECC7 /* jogabo_friend_picker */,
				4BF381291A56DB5700A4ECC7 /* jogabo_friend_pickerTests */,
				4BF3810F1A56DB5700A4ECC7 /* Products */,
			);
			sourceTree = "<group>";
		};
		4BF3810F1A56DB5700A4ECC7 /* Products */ = {
			isa = PBXGroup;
			children = (
				4BF3810E1A56DB5700A4ECC7 /* jogabo_friend_picker.app */,
				4BF381261A56DB5700A4ECC7 /* jogabo_friend_pickerTests.xctest */,
			);
			name = Products;
			sourceTree = "<group>";
		};
		4BF381101A56DB5700A4ECC7 /* jogabo_friend_picker */ = {
			isa = PBXGroup;
			children = (
				4BF381131A56DB5700A4ECC7 /* AppDelegate.swift */,
				4BF381361A56DC9700A4ECC7 /* JBCoreDataManager.swift */,
				4BF381181A56DB5700A4ECC7 /* ViewController.swift */,
				4BF3811A1A56DB5700A4ECC7 /* Main.storyboard */,
				4BF3811D1A56DB5700A4ECC7 /* Images.xcassets */,
				4BF3811F1A56DB5700A4ECC7 /* LaunchScreen.xib */,
				4BF381151A56DB5700A4ECC7 /* jogabo_friend_picker.xcdatamodeld */,
				4BF381111A56DB5700A4ECC7 /* Supporting Files */,
			);
			path = jogabo_friend_picker;
			sourceTree = "<group>";
		};
		4BF381111A56DB5700A4ECC7 /* Supporting Files */ = {
			isa = PBXGroup;
			children = (
				4BF381121A56DB5700A4ECC7 /* Info.plist */,
			);
			name = "Supporting Files";
			sourceTree = "<group>";
		};
		4BF381291A56DB5700A4ECC7 /* jogabo_friend_pickerTests */ = {
			isa = PBXGroup;
			children = (
				4BF3812C1A56DB5700A4ECC7 /* jogabo_friend_pickerTests.swift */,
				4BF3812A1A56DB5700A4ECC7 /* Supporting Files */,
			);
			path = jogabo_friend_pickerTests;
			sourceTree = "<group>";
		};
		4BF3812A1A56DB5700A4ECC7 /* Supporting Files */ = {
			isa = PBXGroup;
			children = (
				4BF3812B1A56DB5700A4ECC7 /* Info.plist */,
			);
			name = "Supporting Files";
			sourceTree = "<group>";
		};
/* End PBXGroup section */

/* Begin PBXNativeTarget section */
		4BF3810D1A56DB5700A4ECC7 /* jogabo_friend_picker */ = {
			isa = PBXNativeTarget;
			buildConfigurationList = 4BF381301A56DB5700A4ECC7 /* Build configuration list for PBXNativeTarget "jogabo_friend_picker" */;
			buildPhases = (
				4BF3810A1A56DB5700A4ECC7 /* Sources */,
				4BF3810B1A56DB5700A4ECC7 /* Frameworks */,
				4BF3810C1A56DB5700A4ECC7 /* Resources */,
			);
			buildRules = (
			);
			dependencies = (
			);
			name = jogabo_friend_picker;
			productName = jogabo_friend_picker;
			productReference = 4BF3810E1A56DB5700A4ECC7 /* jogabo_friend_picker.app */;
			productType = "com.apple.product-type.application";
		};
		4BF381251A56DB5700A4ECC7 /* jogabo_friend_pickerTests */ = {
			isa = PBXNativeTarget;
			buildConfigurationList = 4BF381331A56DB5700A4ECC7 /* Build configuration list for PBXNativeTarget "jogabo_friend_pickerTests" */;
			buildPhases = (
				4BF381221A56DB5700A4ECC7 /* Sources */,
				4BF381231A56DB5700A4ECC7 /* Frameworks */,
				4BF381241A56DB5700A4ECC7 /* Resources */,
			);
			buildRules = (
			);
			dependencies = (
				4BF381281A56DB5700A4ECC7 /* PBXTargetDependency */,
			);
			name = jogabo_friend_pickerTests;
			productName = jogabo_friend_pickerTests;
			productReference = 4BF381261A56DB5700A4ECC7 /* jogabo_friend_pickerTests.xctest */;
			productType = "com.apple.product-type.bundle.unit-test";
		};
/* End PBXNativeTarget section */

/* Begin PBXProject section */
		4BF381061A56DB5700A4ECC7 /* Project object */ = {
			isa = PBXProject;
			attributes = {
				LastUpgradeCheck = 0610;
				ORGANIZATIONNAME = "Mobigeek Studios";
				TargetAttributes = {
					4BF3810D1A56DB5700A4ECC7 = {
						CreatedOnToolsVersion = 6.1.1;
					};
					4BF381251A56DB5700A4ECC7 = {
						CreatedOnToolsVersion = 6.1.1;
						TestTargetID = 4BF3810D1A56DB5700A4ECC7;
					};
				};
			};
			buildConfigurationList = 4BF381091A56DB5700A4ECC7 /* Build configuration list for PBXProject "jogabo_friend_picker" */;
			compatibilityVersion = "Xcode 3.2";
			developmentRegion = English;
			hasScannedForEncodings = 0;
			knownRegions = (
				en,
				Base,
			);
			mainGroup = 4BF381051A56DB5700A4ECC7;
			productRefGroup = 4BF3810F1A56DB5700A4ECC7 /* Products */;
			projectDirPath = "";
			projectRoot = "";
			targets = (
				4BF3810D1A56DB5700A4ECC7 /* jogabo_friend_picker */,
				4BF381251A56DB5700A4ECC7 /* jogabo_friend_pickerTests */,
			);
		};
/* End PBXProject section */

/* Begin PBXResourcesBuildPhase section */
		4BF3810C1A56DB5700A4ECC7 /* Resources */ = {
			isa = PBXResourcesBuildPhase;
			buildActionMask = 2147483647;
			files = (
				4BF3811C1A56DB5700A4ECC7 /* Main.storyboard in Resources */,
				4BF381211A56DB5700A4ECC7 /* LaunchScreen.xib in Resources */,
				4BF3811E1A56DB5700A4ECC7 /* Images.xcassets in Resources */,
			);
			runOnlyForDeploymentPostprocessing = 0;
		};
		4BF381241A56DB5700A4ECC7 /* Resources */ = {
			isa = PBXResourcesBuildPhase;
			buildActionMask = 2147483647;
			files = (
			);
			runOnlyForDeploymentPostprocessing = 0;
		};
/* End PBXResourcesBuildPhase section */

/* Begin PBXSourcesBuildPhase section */
		4BF3810A1A56DB5700A4ECC7 /* Sources */ = {
			isa = PBXSourcesBuildPhase;
			buildActionMask = 2147483647;
			files = (
				4BF381371A56DC9700A4ECC7 /* JBCoreDataManager.swift in Sources */,
				4BF381191A56DB5700A4ECC7 /* ViewController.swift in Sources */,
				4BF381141A56DB5700A4ECC7 /* AppDelegate.swift in Sources */,
				4BF381171A56DB5700A4ECC7 /* jogabo_friend_picker.xcdatamodeld in Sources */,
			);
			runOnlyForDeploymentPostprocessing = 0;
		};
		4BF381221A56DB5700A4ECC7 /* Sources */ = {
			isa = PBXSourcesBuildPhase;
			buildActionMask = 2147483647;
			files = (
				4BF3812D1A56DB5700A4ECC7 /* jogabo_friend_pickerTests.swift in Sources */,
			);
			runOnlyForDeploymentPostprocessing = 0;
		};
/* End PBXSourcesBuildPhase section */

/* Begin PBXTargetDependency section */
		4BF381281A56DB5700A4ECC7 /* PBXTargetDependency */ = {
			isa = PBXTargetDependency;
			target = 4BF3810D1A56DB5700A4ECC7 /* jogabo_friend_picker */;
			targetProxy = 4BF381271A56DB5700A4ECC7 /* PBXContainerItemProxy */;
		};
/* End PBXTargetDependency section */

/* Begin PBXVariantGroup section */
		4BF3811A1A56DB5700A4ECC7 /* Main.storyboard */ = {
			isa = PBXVariantGroup;
			children = (
				4BF3811B1A56DB5700A4ECC7 /* Base */,
			);
			name = Main.storyboard;
			sourceTree = "<group>";
		};
		4BF3811F1A56DB5700A4ECC7 /* LaunchScreen.xib */ = {
			isa = PBXVariantGroup;
			children = (
				4BF381201A56DB5700A4ECC7 /* Base */,
			);
			name = LaunchScreen.xib;
			sourceTree = "<group>";
		};
/* End PBXVariantGroup section */

/* Begin XCBuildConfiguration section */
		4BF3812E1A56DB5700A4ECC7 /* Debug */ = {
			isa = XCBuildConfiguration;
			buildSettings = {
				ALWAYS_SEARCH_USER_PATHS = NO;
				CLANG_CXX_LANGUAGE_STANDARD = "gnu++0x";
				CLANG_CXX_LIBRARY = "libc++";
				CLANG_ENABLE_MODULES = YES;
				CLANG_ENABLE_OBJC_ARC = YES;
				CLANG_WARN_BOOL_CONVERSION = YES;
				CLANG_WARN_CONSTANT_CONVERSION = YES;
				CLANG_WARN_DIRECT_OBJC_ISA_USAGE = YES_ERROR;
				CLANG_WARN_EMPTY_BODY = YES;
				CLANG_WARN_ENUM_CONVERSION = YES;
				CLANG_WARN_INT_CONVERSION = YES;
				CLANG_WARN_OBJC_ROOT_CLASS = YES_ERROR;
				CLANG_WARN_UNREACHABLE_CODE = YES;
				CLANG_WARN__DUPLICATE_METHOD_MATCH = YES;
				"CODE_SIGN_IDENTITY[sdk=iphoneos*]" = "iPhone Developer";
				COPY_PHASE_STRIP = NO;
				ENABLE_STRICT_OBJC_MSGSEND = YES;
				GCC_C_LANGUAGE_STANDARD = gnu99;
				GCC_DYNAMIC_NO_PIC = NO;
				GCC_OPTIMIZATION_LEVEL = 0;
				GCC_PREPROCESSOR_DEFINITIONS = (
					"DEBUG=1",
					"$(inherited)",
				);
				GCC_SYMBOLS_PRIVATE_EXTERN = NO;
				GCC_WARN_64_TO_32_BIT_CONVERSION = YES;
				GCC_WARN_ABOUT_RETURN_TYPE = YES_ERROR;
				GCC_WARN_UNDECLARED_SELECTOR = YES;
				GCC_WARN_UNINITIALIZED_AUTOS = YES_AGGRESSIVE;
				GCC_WARN_UNUSED_FUNCTION = YES;
				GCC_WARN_UNUSED_VARIABLE = YES;
				IPHONEOS_DEPLOYMENT_TARGET = 8.1;
				MTL_ENABLE_DEBUG_INFO = YES;
				ONLY_ACTIVE_ARCH = YES;
				SDKROOT = iphoneos;
				SWIFT_OPTIMIZATION_LEVEL = "-Onone";
			};
			name = Debug;
		};
		4BF3812F1A56DB5700A4ECC7 /* Release */ = {
			isa = XCBuildConfiguration;
			buildSettings = {
				ALWAYS_SEARCH_USER_PATHS = NO;
				CLANG_CXX_LANGUAGE_STANDARD = "gnu++0x";
				CLANG_CXX_LIBRARY = "libc++";
				CLANG_ENABLE_MODULES = YES;
				CLANG_ENABLE_OBJC_ARC = YES;
				CLANG_WARN_BOOL_CONVERSION = YES;
				CLANG_WARN_CONSTANT_CONVERSION = YES;
				CLANG_WARN_DIRECT_OBJC_ISA_USAGE = YES_ERROR;
				CLANG_WARN_EMPTY_BODY = YES;
				CLANG_WARN_ENUM_CONVERSION = YES;
				CLANG_WARN_INT_CONVERSION = YES;
				CLANG_WARN_OBJC_ROOT_CLASS = YES_ERROR;
				CLANG_WARN_UNREACHABLE_CODE = YES;
				CLANG_WARN__DUPLICATE_METHOD_MATCH = YES;
				"CODE_SIGN_IDENTITY[sdk=iphoneos*]" = "iPhone Developer";
				COPY_PHASE_STRIP = YES;
				ENABLE_NS_ASSERTIONS = NO;
				ENABLE_STRICT_OBJC_MSGSEND = YES;
				GCC_C_LANGUAGE_STANDARD = gnu99;
				GCC_WARN_64_TO_32_BIT_CONVERSION = YES;
				GCC_WARN_ABOUT_RETURN_TYPE = YES_ERROR;
				GCC_WARN_UNDECLARED_SELECTOR = YES;
				GCC_WARN_UNINITIALIZED_AUTOS = YES_AGGRESSIVE;
				GCC_WARN_UNUSED_FUNCTION = YES;
				GCC_WARN_UNUSED_VARIABLE = YES;
				IPHONEOS_DEPLOYMENT_TARGET = 8.1;
				MTL_ENABLE_DEBUG_INFO = NO;
				SDKROOT = iphoneos;
				VALIDATE_PRODUCT = YES;
			};
			name = Release;
		};
		4BF381311A56DB5700A4ECC7 /* Debug */ = {
			isa = XCBuildConfiguration;
			buildSettings = {
				ASSETCATALOG_COMPILER_APPICON_NAME = AppIcon;
				INFOPLIST_FILE = jogabo_friend_picker/Info.plist;
				LD_RUNPATH_SEARCH_PATHS = "$(inherited) @executable_path/Frameworks";
				PRODUCT_NAME = "$(TARGET_NAME)";
			};
			name = Debug;
		};
		4BF381321A56DB5700A4ECC7 /* Release */ = {
			isa = XCBuildConfiguration;
			buildSettings = {
				ASSETCATALOG_COMPILER_APPICON_NAME = AppIcon;
				INFOPLIST_FILE = jogabo_friend_picker/Info.plist;
				LD_RUNPATH_SEARCH_PATHS = "$(inherited) @executable_path/Frameworks";
				PRODUCT_NAME = "$(TARGET_NAME)";
			};
			name = Release;
		};
		4BF381341A56DB5700A4ECC7 /* Debug */ = {
			isa = XCBuildConfiguration;
			buildSettings = {
				BUNDLE_LOADER = "$(TEST_HOST)";
				FRAMEWORK_SEARCH_PATHS = (
					"$(SDKROOT)/Developer/Library/Frameworks",
					"$(inherited)",
				);
				GCC_PREPROCESSOR_DEFINITIONS = (
					"DEBUG=1",
					"$(inherited)",
				);
				INFOPLIST_FILE = jogabo_friend_pickerTests/Info.plist;
				LD_RUNPATH_SEARCH_PATHS = "$(inherited) @executable_path/Frameworks @loader_path/Frameworks";
				PRODUCT_NAME = "$(TARGET_NAME)";
				TEST_HOST = "$(BUILT_PRODUCTS_DIR)/jogabo_friend_picker.app/jogabo_friend_picker";
			};
			name = Debug;
		};
		4BF381351A56DB5700A4ECC7 /* Release */ = {
			isa = XCBuildConfiguration;
			buildSettings = {
				BUNDLE_LOADER = "$(TEST_HOST)";
				FRAMEWORK_SEARCH_PATHS = (
					"$(SDKROOT)/Developer/Library/Frameworks",
					"$(inherited)",
				);
				INFOPLIST_FILE = jogabo_friend_pickerTests/Info.plist;
				LD_RUNPATH_SEARCH_PATHS = "$(inherited) @executable_path/Frameworks @loader_path/Frameworks";
				PRODUCT_NAME = "$(TARGET_NAME)";
				TEST_HOST = "$(BUILT_PRODUCTS_DIR)/jogabo_friend_picker.app/jogabo_friend_picker";
			};
			name = Release;
		};
/* End XCBuildConfiguration section */

/* Begin XCConfigurationList section */
		4BF381091A56DB5700A4ECC7 /* Build configuration list for PBXProject "jogabo_friend_picker" */ = {
			isa = XCConfigurationList;
			buildConfigurations = (
				4BF3812E1A56DB5700A4ECC7 /* Debug */,
				4BF3812F1A56DB5700A4ECC7 /* Release */,
			);
			defaultConfigurationIsVisible = 0;
			defaultConfigurationName = Release;
		};
		4BF381301A56DB5700A4ECC7 /* Build configuration list for PBXNativeTarget "jogabo_friend_picker" */ = {
			isa = XCConfigurationList;
			buildConfigurations = (
				4BF381311A56DB5700A4ECC7 /* Debug */,
				4BF381321A56DB5700A4ECC7 /* Release */,
			);
			defaultConfigurationIsVisible = 0;
			defaultConfigurationName = Release;
		};
		4BF381331A56DB5700A4ECC7 /* Build configuration list for PBXNativeTarget "jogabo_friend_pickerTests" */ = {
			isa = XCConfigurationList;
			buildConfigurations = (
				4BF381341A56DB5700A4ECC7 /* Debug */,
				4BF381351A56DB5700A4ECC7 /* Release */,
			);
			defaultConfigurationIsVisible = 0;
			defaultConfigurationName = Release;
		};
/* End XCConfigurationList section */

/* Begin XCVersionGroup section */
		4BF381151A56DB5700A4ECC7 /* jogabo_friend_picker.xcdatamodeld */ = {
			isa = XCVersionGroup;
			children = (
				4BF381161A56DB5700A4ECC7 /* jogabo_friend_picker.xcdatamodel */,
			);
			currentVersion = 4BF381161A56DB5700A4ECC7 /* jogabo_friend_picker.xcdatamodel */;
			path = jogabo_friend_picker.xcdatamodeld;
			sourceTree = "<group>";
			versionGroupType = wrapper.xcdatamodel;
		};
/* End XCVersionGroup section */
	};
	rootObject = 4BF381061A56DB5700A4ECC7 /* Project object */;
}
